version = 1
requires-python = ">=3.10"

[[package]]
name = "ntchat"
version = "0.1.18"
source = { registry = "https://mirrors.tuna.tsinghua.edu.cn/pypi/web/simple" }
dependencies = [
    { name = "pyee" },
]
wheels = [
    { url = "https://mirrors.tuna.tsinghua.edu.cn/pypi/web/packages/c7/21/f6efc708362b6bc27dd622356e7ce1fbc08b925757a1162b5de2a6397706/ntchat-0.1.18-cp310-cp310-win32.whl", hash = "sha256:a4918f28270e0450b0d0d1f0775e0400a41054c0fad6e6fa5ce8475dc070e843", size = 7621765 },
    { url = "https://mirrors.tuna.tsinghua.edu.cn/pypi/web/packages/eb/2e/c970ea792f7989109ac0fc920baf59a45ae291c99c659d5c73514ae02065/ntchat-0.1.18-cp310-cp310-win_amd64.whl", hash = "sha256:bfe5decf93fc2183850505b4175995aebe1cf55449984e901fe774feda158c22", size = 7714045 },
    { url = "https://mirrors.tuna.tsinghua.edu.cn/pypi/web/packages/2d/ae/d8ff309adb8e483278a39b997444ed0a265fd8823fc8da4a829c5d6c495f/ntchat-0.1.18-cp311-cp311-win32.whl", hash = "sha256:237a532a722cdf538d903b7d090009ad4db1d4e985324fcaac9e2bfa40b463a4", size = 7621760 },
    { url = "https://mirrors.tuna.tsinghua.edu.cn/pypi/web/packages/fd/e3/0883d7d3cf12b10cfdb80ff68535eb181529b40ea21b0b8d79ea98860c77/ntchat-0.1.18-cp311-cp311-win_amd64.whl", hash = "sha256:37cada8c6c6c64ee39d08aef10602b8ada61679d8e3fa0ddce257ef302e48911", size = 7714131 },
]

[[package]]
name = "ntchat-bot"
version = "0.1.0"
source = { virtual = "." }
dependencies = [
    { name = "ntchat" },
    { name = "pip" },
]

[package.metadata]
requires-dist = [
    { name = "ntchat", specifier = "==0.1.18" },
    { name = "pip", specifier = ">=26.1" },
]

[[package]]
name = "pip"
version = "26.1"
source = { registry = "https://mirrors.tuna.tsinghua.edu.cn/pypi/web/simple" }
sdist = { url = "https://mirrors.tuna.tsinghua.edu.cn/pypi/web/packages/73/7e/d2b04004e1068ad4fdfa2f227b839b5d03e602e47cdbbf49de71137c9546/pip-26.1.tar.gz", hash = "sha256:81e13ebcca3ffa8cc85e4deff5c27e1ee26dea0aa7fc2f294a073ac208806ff3", size = 1840316 }
wheels = [
    { url = "https://mirrors.tuna.tsinghua.edu.cn/pypi/web/packages/70/7a/be4bd8bcbb24ea475856dd68159d78b03b2bb53dae369f69c9606b8888f5/pip-26.1-py3-none-any.whl", hash = "sha256:4e8486d821d814b77319acb7b9e8bf5a4ee7590a643e7cb21029f209be8573c1", size = 1812804 },
]

[[package]]
name = "pyee"
version = "13.0.1"
source = { registry = "https://mirrors.tuna.tsinghua.edu.cn/pypi/web/simple" }
dependencies = [
    { name = "typing-extensions" },
]
sdist = { url = "https://mirrors.tuna.tsinghua.edu.cn/pypi/web/packages/8b/04/e7c1fe4dc78a6fdbfd6c337b1c3732ff543b8a397683ab38378447baa331/pyee-13.0.1.tar.gz", hash = "sha256:0b931f7c14535667ed4c7e0d531716368715e860b988770fc7eb8578d1f67fc8", size = 31655 }
wheels = [
    { url = "https://mirrors.tuna.tsinghua.edu.cn/pypi/web/packages/a0/c4/b4d4827c93ef43c01f599ef31453ccc1c132b353284fc6c87d535c233129/pyee-13.0.1-py3-none-any.whl", hash = "sha256:af2f8fede4171ef667dfded53f96e2ed0d6e6bd7ee3bb46437f77e3b57689228", size = 15659 },
]

[[package]]
name = "typing-extensions"
version = "4.15.0"
source = { registry = "https://mirrors.tuna.tsinghua.edu.cn/pypi/web/simple" }
sdist = { url = "https://mirrors.tuna.tsinghua.edu.cn/pypi/web/packages/72/94/1a15dd82efb362ac84269196e94cf00f187f7ed21c242792a923cdb1c61f/typing_extensions-4.15.0.tar.gz", hash = "sha256:0cea48d173cc12fa28ecabc3b837ea3cf6f38c6d1136f85cbaaf598984861466", size = 109391 }
wheels = [
    { url = "https://mirrors.tuna.tsinghua.edu.cn/pypi/web/packages/18/67/36e9267722cc04a6b9f15c7f3441c2363321a3ea07da7ae0c0707beb2a9c/typing_extensions-4.15.0-py3-none-any.whl", hash = "sha256:f0fa19c6845758ab08074a0cfa8b7aecb71c999ca73d62883bc25cc018c4e548", size = 44614 },
]
